
Microsoft Visual Studio Solution File, Format Version 12.00
# Visual Studio Version 17
VisualStudioVersion = 17.4.33205.214
MinimumVisualStudioVersion = 10.0.40219.1
Project("{8BC9CEB8-8B4A-11D0-8D11-00A0C91BC942}") = "engineer", "engineer\engineer.vcxproj", "{9F4298AA-CFE8-4875-B517-7A48EF4645EF}"
EndProject
Project("{8BC9CEB8-8B4A-11D0-8D11-00A0C91BC942}") = "Electronic", "Electronic\Electronic.vcxproj", "{CB5C5909-FE32-4037-A5E5-9820B5230B03}"
EndProject
Global
	GlobalSection(SolutionConfigurationPlatforms) = preSolution
		Debug|VisualGDB = Debug|VisualGDB
		Release|VisualGDB = Release|VisualGDB
	EndGlobalSection
	GlobalSection(ProjectConfigurationPlatforms) = postSolution
		{9F4298AA-CFE8-4875-B517-7A48EF4645EF}.Debug|VisualGDB.ActiveCfg = Debug|VisualGDB
		{9F4298AA-CFE8-4875-B517-7A48EF4645EF}.Debug|VisualGDB.Build.0 = Debug|VisualGDB
		{9F4298AA-CFE8-4875-B517-7A48EF4645EF}.Release|VisualGDB.ActiveCfg = Release|VisualGDB
		{9F4298AA-CFE8-4875-B517-7A48EF4645EF}.Release|VisualGDB.Build.0 = Release|VisualGDB
		{CB5C5909-FE32-4037-A5E5-9820B5230B03}.Debug|VisualGDB.ActiveCfg = Debug|VisualGDB
		{CB5C5909-FE32-4037-A5E5-9820B5230B03}.Debug|VisualGDB.Build.0 = Debug|VisualGDB
		{CB5C5909-FE32-4037-A5E5-9820B5230B03}.Release|VisualGDB.ActiveCfg = Release|VisualGDB
		{CB5C5909-FE32-4037-A5E5-9820B5230B03}.Release|VisualGDB.Build.0 = Release|VisualGDB
	EndGlobalSection
	GlobalSection(SolutionProperties) = preSolution
		HideSolutionNode = FALSE
	EndGlobalSection
	GlobalSection(ExtensibilityGlobals) = postSolution
		SolutionGuid = {11EA6248-2FBA-473E-B0D9-7638576DF4FB}
	EndGlobalSection
EndGlobal
